// !$*UTF8*$!
{
	archiveVersion = 1;
	classes = {
	};
	objectVersion = 51;
	objects = {

/* Begin PBXBuildFile section */
		2DDF2F9D9C691C8CE1E3CC50 /* Pods_RxSwiftTestProject.framework in Frameworks */ = {isa = PBXBuildFile; fileRef = 5611F03D393DBE6506B77AA7 /* Pods_RxSwiftTestProject.framework */; };
		6151A912257B8FB900257FD9 /* DataProvider.swift in Sources */ = {isa = PBXBuildFile; fileRef = 6151A911257B8FB900257FD9 /* DataProvider.swift */; };
		6151A918257B93AE00257FD9 /* PostViewController.swift in Sources */ = {isa = PBXBuildFile; fileRef = 6151A917257B93AE00257FD9 /* PostViewController.swift */; };
		6151A923257B9FB500257FD9 /* PostViewModel.swift in Sources */ = {isa = PBXBuildFile; fileRef = 6151A922257B9FB500257FD9 /* PostViewModel.swift */; };
		6151A928257BA0A100257FD9 /* PostFullInfo.swift in Sources */ = {isa = PBXBuildFile; fileRef = 6151A927257BA0A100257FD9 /* PostFullInfo.swift */; };
		6151A92E257BA77200257FD9 /* CommentTableViewCell.swift in Sources */ = {isa = PBXBuildFile; fileRef = 6151A92D257BA77200257FD9 /* CommentTableViewCell.swift */; };
		6151A93E257BA81800257FD9 /* CommentTableViewCell.xib in Resources */ = {isa = PBXBuildFile; fileRef = 6151A93D257BA81800257FD9 /* CommentTableViewCell.xib */; };
		6158D4BF257A23E8002C69B5 /* AppDelegate.swift in Sources */ = {isa = PBXBuildFile; fileRef = 6158D4BE257A23E8002C69B5 /* AppDelegate.swift */; };
		6158D4C1257A23E8002C69B5 /* SceneDelegate.swift in Sources */ = {isa = PBXBuildFile; fileRef = 6158D4C0257A23E8002C69B5 /* SceneDelegate.swift */; };
		6158D4C3257A23E8002C69B5 /* ViewController.swift in Sources */ = {isa = PBXBuildFile; fileRef = 6158D4C2257A23E8002C69B5 /* ViewController.swift */; };
		6158D4C6257A23E8002C69B5 /* Main.storyboard in Resources */ = {isa = PBXBuildFile; fileRef = 6158D4C4257A23E8002C69B5 /* Main.storyboard */; };
		6158D4C8257A23EA002C69B5 /* Assets.xcassets in Resources */ = {isa = PBXBuildFile; fileRef = 6158D4C7257A23EA002C69B5 /* Assets.xcassets */; };
		6158D4CB257A23EA002C69B5 /* LaunchScreen.storyboard in Resources */ = {isa = PBXBuildFile; fileRef = 6158D4C9257A23EA002C69B5 /* LaunchScreen.storyboard */; };
		6158D4D6257A23EA002C69B5 /* RxSwiftTestProjectTests.swift in Sources */ = {isa = PBXBuildFile; fileRef = 6158D4D5257A23EA002C69B5 /* RxSwiftTestProjectTests.swift */; };
		6158D4E1257A23EA002C69B5 /* RxSwiftTestProjectUITests.swift in Sources */ = {isa = PBXBuildFile; fileRef = 6158D4E0257A23EA002C69B5 /* RxSwiftTestProjectUITests.swift */; };
		6158D4F4257A258A002C69B5 /* RootCoordinator.swift in Sources */ = {isa = PBXBuildFile; fileRef = 6158D4F3257A258A002C69B5 /* RootCoordinator.swift */; };
		6158D4FC257A25EB002C69B5 /* Coordinator.swift in Sources */ = {isa = PBXBuildFile; fileRef = 6158D4FB257A25EB002C69B5 /* Coordinator.swift */; };
		6158D502257A264D002C69B5 /* Autolodable.swift in Sources */ = {isa = PBXBuildFile; fileRef = 6158D501257A264D002C69B5 /* Autolodable.swift */; };
		6158D508257A271F002C69B5 /* ListOfPostsViewController.swift in Sources */ = {isa = PBXBuildFile; fileRef = 6158D507257A271F002C69B5 /* ListOfPostsViewController.swift */; };
		6158D50D257A2A84002C69B5 /* ListOfPostsViewModel.swift in Sources */ = {isa = PBXBuildFile; fileRef = 6158D50C257A2A84002C69B5 /* ListOfPostsViewModel.swift */; };
		6158D516257A2E36002C69B5 /* Post.swift in Sources */ = {isa = PBXBuildFile; fileRef = 6158D515257A2E36002C69B5 /* Post.swift */; };
		6158D51B257A3015002C69B5 /* User.swift in Sources */ = {isa = PBXBuildFile; fileRef = 6158D51A257A3015002C69B5 /* User.swift */; };
		6158D520257A30A9002C69B5 /* Address.swift in Sources */ = {isa = PBXBuildFile; fileRef = 6158D51F257A30A9002C69B5 /* Address.swift */; };
		6158D525257A3202002C69B5 /* Company.swift in Sources */ = {isa = PBXBuildFile; fileRef = 6158D524257A3202002C69B5 /* Company.swift */; };
		6158D52A257A32C8002C69B5 /* Comment.swift in Sources */ = {isa = PBXBuildFile; fileRef = 6158D529257A32C8002C69B5 /* Comment.swift */; };
		6158D530257A37D2002C69B5 /* DataLoader.swift in Sources */ = {isa = PBXBuildFile; fileRef = 6158D52F257A37D2002C69B5 /* DataLoader.swift */; };
		6158D539257A4D4A002C69B5 /* PostPreviewTableViewCell.xib in Resources */ = {isa = PBXBuildFile; fileRef = 6158D538257A4D4A002C69B5 /* PostPreviewTableViewCell.xib */; };
		6158D53F257A5254002C69B5 /* PostPreviewTableViewCell.swift in Sources */ = {isa = PBXBuildFile; fileRef = 6158D53E257A5254002C69B5 /* PostPreviewTableViewCell.swift */; };
/* End PBXBuildFile section */

/* Begin PBXContainerItemProxy section */
		6158D4D2257A23EA002C69B5 /* PBXContainerItemProxy */ = {
			isa = PBXContainerItemProxy;
			containerPortal = 6158D4B3257A23E8002C69B5 /* Project object */;
			proxyType = 1;
			remoteGlobalIDString = 6158D4BA257A23E8002C69B5;
			remoteInfo = RxSwiftTestProject;
		};
		6158D4DD257A23EA002C69B5 /* PBXContainerItemProxy */ = {
			isa = PBXContainerItemProxy;
			containerPortal = 6158D4B3257A23E8002C69B5 /* Project object */;
			proxyType = 1;
			remoteGlobalIDString = 6158D4BA257A23E8002C69B5;
			remoteInfo = RxSwiftTestProject;
		};
/* End PBXContainerItemProxy section */

/* Begin PBXFileReference section */
		1487AA236786537997617059 /* Pods-RxSwiftTestProject.release.xcconfig */ = {isa = PBXFileReference; includeInIndex = 1; lastKnownFileType = text.xcconfig; name = "Pods-RxSwiftTestProject.release.xcconfig"; path = "Target Support Files/Pods-RxSwiftTestProject/Pods-RxSwiftTestProject.release.xcconfig"; sourceTree = "<group>"; };
		5611F03D393DBE6506B77AA7 /* Pods_RxSwiftTestProject.framework */ = {isa = PBXFileReference; explicitFileType = wrapper.framework; includeInIndex = 0; path = Pods_RxSwiftTestProject.framework; sourceTree = BUILT_PRODUCTS_DIR; };
		6151A911257B8FB900257FD9 /* DataProvider.swift */ = {isa = PBXFileReference; lastKnownFileType = sourcecode.swift; path = DataProvider.swift; sourceTree = "<group>"; };
		6151A917257B93AE00257FD9 /* PostViewController.swift */ = {isa = PBXFileReference; lastKnownFileType = sourcecode.swift; path = PostViewController.swift; sourceTree = "<group>"; };
		6151A922257B9FB500257FD9 /* PostViewModel.swift */ = {isa = PBXFileReference; lastKnownFileType = sourcecode.swift; path = PostViewModel.swift; sourceTree = "<group>"; };
		6151A927257BA0A100257FD9 /* PostFullInfo.swift */ = {isa = PBXFileReference; lastKnownFileType = sourcecode.swift; path = PostFullInfo.swift; sourceTree = "<group>"; };
		6151A92D257BA77200257FD9 /* CommentTableViewCell.swift */ = {isa = PBXFileReference; lastKnownFileType = sourcecode.swift; path = CommentTableViewCell.swift; sourceTree = "<group>"; };
		6151A93D257BA81800257FD9 /* CommentTableViewCell.xib */ = {isa = PBXFileReference; lastKnownFileType = file.xib; path = CommentTableViewCell.xib; sourceTree = "<group>"; };
		6158D4BB257A23E8002C69B5 /* RxSwiftTestProject.app */ = {isa = PBXFileReference; explicitFileType = wrapper.application; includeInIndex = 0; path = RxSwiftTestProject.app; sourceTree = BUILT_PRODUCTS_DIR; };
		6158D4BE257A23E8002C69B5 /* AppDelegate.swift */ = {isa = PBXFileReference; lastKnownFileType = sourcecode.swift; path = AppDelegate.swift; sourceTree = "<group>"; };
		6158D4C0257A23E8002C69B5 /* SceneDelegate.swift */ = {isa = PBXFileReference; lastKnownFileType = sourcecode.swift; path = SceneDelegate.swift; sourceTree = "<group>"; };
		6158D4C2257A23E8002C69B5 /* ViewController.swift */ = {isa = PBXFileReference; lastKnownFileType = sourcecode.swift; path = ViewController.swift; sourceTree = "<group>"; };
		6158D4C5257A23E8002C69B5 /* Base */ = {isa = PBXFileReference; lastKnownFileType = file.storyboard; name = Base; path = Base.lproj/Main.storyboard; sourceTree = "<group>"; };
		6158D4C7257A23EA002C69B5 /* Assets.xcassets */ = {isa = PBXFileReference; lastKnownFileType = folder.assetcatalog; path = Assets.xcassets; sourceTree = "<group>"; };
		6158D4CA257A23EA002C69B5 /* Base */ = {isa = PBXFileReference; lastKnownFileType = file.storyboard; name = Base; path = Base.lproj/LaunchScreen.storyboard; sourceTree = "<group>"; };
		6158D4CC257A23EA002C69B5 /* Info.plist */ = {isa = PBXFileReference; lastKnownFileType = text.plist.xml; path = Info.plist; sourceTree = "<group>"; };
		6158D4D1257A23EA002C69B5 /* RxSwiftTestProjectTests.xctest */ = {isa = PBXFileReference; explicitFileType = wrapper.cfbundle; includeInIndex = 0; path = RxSwiftTestProjectTests.xctest; sourceTree = BUILT_PRODUCTS_DIR; };
		6158D4D5257A23EA002C69B5 /* RxSwiftTestProjectTests.swift */ = {isa = PBXFileReference; lastKnownFileType = sourcecode.swift; path = RxSwiftTestProjectTests.swift; sourceTree = "<group>"; };
		6158D4D7257A23EA002C69B5 /* Info.plist */ = {isa = PBXFileReference; lastKnownFileType = text.plist.xml; path = Info.plist; sourceTree = "<group>"; };
		6158D4DC257A23EA002C69B5 /* RxSwiftTestProjectUITests.xctest */ = {isa = PBXFileReference; explicitFileType = wrapper.cfbundle; includeInIndex = 0; path = RxSwiftTestProjectUITests.xctest; sourceTree = BUILT_PRODUCTS_DIR; };
		6158D4E0257A23EA002C69B5 /* RxSwiftTestProjectUITests.swift */ = {isa = PBXFileReference; lastKnownFileType = sourcecode.swift; path = RxSwiftTestProjectUITests.swift; sourceTree = "<group>"; };
		6158D4E2257A23EA002C69B5 /* Info.plist */ = {isa = PBXFileReference; lastKnownFileType = text.plist.xml; path = Info.plist; sourceTree = "<group>"; };
		6158D4F3257A258A002C69B5 /* RootCoordinator.swift */ = {isa = PBXFileReference; lastKnownFileType = sourcecode.swift; path = RootCoordinator.swift; sourceTree = "<group>"; };
		6158D4FB257A25EB002C69B5 /* Coordinator.swift */ = {isa = PBXFileReference; lastKnownFileType = sourcecode.swift; path = Coordinator.swift; sourceTree = "<group>"; };
		6158D501257A264D002C69B5 /* Autolodable.swift */ = {isa = PBXFileReference; lastKnownFileType = sourcecode.swift; path = Autolodable.swift; sourceTree = "<group>"; };
		6158D507257A271F002C69B5 /* ListOfPostsViewController.swift */ = {isa = PBXFileReference; lastKnownFileType = sourcecode.swift; path = ListOfPostsViewController.swift; sourceTree = "<group>"; };
		6158D50C257A2A84002C69B5 /* ListOfPostsViewModel.swift */ = {isa = PBXFileReference; lastKnownFileType = sourcecode.swift; path = ListOfPostsViewModel.swift; sourceTree = "<group>"; };
		6158D515257A2E36002C69B5 /* Post.swift */ = {isa = PBXFileReference; lastKnownFileType = sourcecode.swift; path = Post.swift; sourceTree = "<group>"; };
		6158D51A257A3015002C69B5 /* User.swift */ = {isa = PBXFileReference; lastKnownFileType = sourcecode.swift; path = User.swift; sourceTree = "<group>"; };
		6158D51F257A30A9002C69B5 /* Address.swift */ = {isa = PBXFileReference; lastKnownFileType = sourcecode.swift; path = Address.swift; sourceTree = "<group>"; };
		6158D524257A3202002C69B5 /* Company.swift */ = {isa = PBXFileReference; lastKnownFileType = sourcecode.swift; path = Company.swift; sourceTree = "<group>"; };
		6158D529257A32C8002C69B5 /* Comment.swift */ = {isa = PBXFileReference; lastKnownFileType = sourcecode.swift; path = Comment.swift; sourceTree = "<group>"; };
		6158D52F257A37D2002C69B5 /* DataLoader.swift */ = {isa = PBXFileReference; lastKnownFileType = sourcecode.swift; path = DataLoader.swift; sourceTree = "<group>"; };
		6158D538257A4D4A002C69B5 /* PostPreviewTableViewCell.xib */ = {isa = PBXFileReference; lastKnownFileType = file.xib; path = PostPreviewTableViewCell.xib; sourceTree = "<group>"; };
		6158D53E257A5254002C69B5 /* PostPreviewTableViewCell.swift */ = {isa = PBXFileReference; lastKnownFileType = sourcecode.swift; path = PostPreviewTableViewCell.swift; sourceTree = "<group>"; };
		DD3675C7340F6E40F446EEC7 /* Pods-RxSwiftTestProject.debug.xcconfig */ = {isa = PBXFileReference; includeInIndex = 1; lastKnownFileType = text.xcconfig; name = "Pods-RxSwiftTestProject.debug.xcconfig"; path = "Target Support Files/Pods-RxSwiftTestProject/Pods-RxSwiftTestProject.debug.xcconfig"; sourceTree = "<group>"; };
/* End PBXFileReference section */

/* Begin PBXFrameworksBuildPhase section */
		6158D4B8257A23E8002C69B5 /* Frameworks */ = {
			isa = PBXFrameworksBuildPhase;
			buildActionMask = 2147483647;
			files = (
				2DDF2F9D9C691C8CE1E3CC50 /* Pods_RxSwiftTestProject.framework in Frameworks */,
			);
			runOnlyForDeploymentPostprocessing = 0;
		};
		6158D4CE257A23EA002C69B5 /* Frameworks */ = {
			isa = PBXFrameworksBuildPhase;
			buildActionMask = 2147483647;
			files = (
			);
			runOnlyForDeploymentPostprocessing = 0;
		};
		6158D4D9257A23EA002C69B5 /* Frameworks */ = {
			isa = PBXFrameworksBuildPhase;
			buildActionMask = 2147483647;
			files = (
			);
			runOnlyForDeploymentPostprocessing = 0;
		};
/* End PBXFrameworksBuildPhase section */

/* Begin PBXGroup section */
		6151A916257B939700257FD9 /* PostViewController */ = {
			isa = PBXGroup;
			children = (
				6151A92C257BA75F00257FD9 /* Cell */,
				6151A917257B93AE00257FD9 /* PostViewController.swift */,
				6151A922257B9FB500257FD9 /* PostViewModel.swift */,
			);
			path = PostViewController;
			sourceTree = "<group>";
		};
		6151A92C257BA75F00257FD9 /* Cell */ = {
			isa = PBXGroup;
			children = (
				6151A92D257BA77200257FD9 /* CommentTableViewCell.swift */,
				6151A93D257BA81800257FD9 /* CommentTableViewCell.xib */,
			);
			path = Cell;
			sourceTree = "<group>";
		};
		6158D4B2257A23E8002C69B5 = {
			isa = PBXGroup;
			children = (
				6158D4BD257A23E8002C69B5 /* RxSwiftTestProject */,
				6158D4D4257A23EA002C69B5 /* RxSwiftTestProjectTests */,
				6158D4DF257A23EA002C69B5 /* RxSwiftTestProjectUITests */,
				6158D4BC257A23E8002C69B5 /* Products */,
				A75A1AA1C51444BEE39EC23A /* Pods */,
				6581510C919245B1DA01BBD4 /* Frameworks */,
			);
			sourceTree = "<group>";
		};
		6158D4BC257A23E8002C69B5 /* Products */ = {
			isa = PBXGroup;
			children = (
				6158D4BB257A23E8002C69B5 /* RxSwiftTestProject.app */,
				6158D4D1257A23EA002C69B5 /* RxSwiftTestProjectTests.xctest */,
				6158D4DC257A23EA002C69B5 /* RxSwiftTestProjectUITests.xctest */,
			);
			name = Products;
			sourceTree = "<group>";
		};
		6158D4BD257A23E8002C69B5 /* RxSwiftTestProject */ = {
			isa = PBXGroup;
			children = (
				6158D52E257A37BB002C69B5 /* Services */,
				6158D514257A2DCA002C69B5 /* Model */,
				6158D4F1257A256E002C69B5 /* UI */,
				6158D4C2257A23E8002C69B5 /* ViewController.swift */,
				6158D4BE257A23E8002C69B5 /* AppDelegate.swift */,
				6158D4C0257A23E8002C69B5 /* SceneDelegate.swift */,
				6158D4CC257A23EA002C69B5 /* Info.plist */,
			);
			path = RxSwiftTestProject;
			sourceTree = "<group>";
		};
		6158D4D4257A23EA002C69B5 /* RxSwiftTestProjectTests */ = {
			isa = PBXGroup;
			children = (
				6158D4D5257A23EA002C69B5 /* RxSwiftTestProjectTests.swift */,
				6158D4D7257A23EA002C69B5 /* Info.plist */,
			);
			path = RxSwiftTestProjectTests;
			sourceTree = "<group>";
		};
		6158D4DF257A23EA002C69B5 /* RxSwiftTestProjectUITests */ = {
			isa = PBXGroup;
			children = (
				6158D4E0257A23EA002C69B5 /* RxSwiftTestProjectUITests.swift */,
				6158D4E2257A23EA002C69B5 /* Info.plist */,
			);
			path = RxSwiftTestProjectUITests;
			sourceTree = "<group>";
		};
		6158D4F1257A256E002C69B5 /* UI */ = {
			isa = PBXGroup;
			children = (
				6158D506257A26B1002C69B5 /* Assets */,
				6158D500257A263C002C69B5 /* Extensions */,
				6158D4F2257A2574002C69B5 /* Coordinators */,
				6151A916257B939700257FD9 /* PostViewController */,
				6158D537257A4CD0002C69B5 /* PostsViewController */,
			);
			path = UI;
			sourceTree = "<group>";
		};
		6158D4F2257A2574002C69B5 /* Coordinators */ = {
			isa = PBXGroup;
			children = (
				6158D4F3257A258A002C69B5 /* RootCoordinator.swift */,
				6158D4FB257A25EB002C69B5 /* Coordinator.swift */,
			);
			path = Coordinators;
			sourceTree = "<group>";
		};
		6158D500257A263C002C69B5 /* Extensions */ = {
			isa = PBXGroup;
			children = (
				6158D501257A264D002C69B5 /* Autolodable.swift */,
			);
			path = Extensions;
			sourceTree = "<group>";
		};
		6158D506257A26B1002C69B5 /* Assets */ = {
			isa = PBXGroup;
			children = (
				6158D4C7257A23EA002C69B5 /* Assets.xcassets */,
				6158D4C4257A23E8002C69B5 /* Main.storyboard */,
				6158D4C9257A23EA002C69B5 /* LaunchScreen.storyboard */,
			);
			path = Assets;
			sourceTree = "<group>";
		};
		6158D514257A2DCA002C69B5 /* Model */ = {
			isa = PBXGroup;
			children = (
				6158D515257A2E36002C69B5 /* Post.swift */,
				6158D51A257A3015002C69B5 /* User.swift */,
				6158D51F257A30A9002C69B5 /* Address.swift */,
				6158D524257A3202002C69B5 /* Company.swift */,
				6158D529257A32C8002C69B5 /* Comment.swift */,
				6151A927257BA0A100257FD9 /* PostFullInfo.swift */,
			);
			path = Model;
			sourceTree = "<group>";
		};
		6158D52E257A37BB002C69B5 /* Services */ = {
			isa = PBXGroup;
			children = (
				6158D52F257A37D2002C69B5 /* DataLoader.swift */,
				6151A911257B8FB900257FD9 /* DataProvider.swift */,
			);
			path = Services;
			sourceTree = "<group>";
		};
		6158D537257A4CD0002C69B5 /* PostsViewController */ = {
			isa = PBXGroup;
			children = (
				6158D53D257A5219002C69B5 /* Cell */,
				6158D507257A271F002C69B5 /* ListOfPostsViewController.swift */,
				6158D50C257A2A84002C69B5 /* ListOfPostsViewModel.swift */,
			);
			path = PostsViewController;
			sourceTree = "<group>";
		};
		6158D53D257A5219002C69B5 /* Cell */ = {
			isa = PBXGroup;
			children = (
				6158D538257A4D4A002C69B5 /* PostPreviewTableViewCell.xib */,
				6158D53E257A5254002C69B5 /* PostPreviewTableViewCell.swift */,
			);
			path = Cell;
			sourceTree = "<group>";
		};
		6581510C919245B1DA01BBD4 /* Frameworks */ = {
			isa = PBXGroup;
			children = (
				5611F03D393DBE6506B77AA7 /* Pods_RxSwiftTestProject.framework */,
			);
			name = Frameworks;
			sourceTree = "<group>";
		};
		A75A1AA1C51444BEE39EC23A /* Pods */ = {
			isa = PBXGroup;
			children = (
				DD3675C7340F6E40F446EEC7 /* Pods-RxSwiftTestProject.debug.xcconfig */,
				1487AA236786537997617059 /* Pods-RxSwiftTestProject.release.xcconfig */,
			);
			path = Pods;
			sourceTree = "<group>";
		};
/* End PBXGroup section */

/* Begin PBXNativeTarget section */
		6158D4BA257A23E8002C69B5 /* RxSwiftTestProject */ = {
			isa = PBXNativeTarget;
			buildConfigurationList = 6158D4E5257A23EA002C69B5 /* Build configuration list for PBXNativeTarget "RxSwiftTestProject" */;
			buildPhases = (
				42CA2FEDDE7EA6EF8ABA8EBC /* [CP] Check Pods Manifest.lock */,
				6158D4B7257A23E8002C69B5 /* Sources */,
				6158D4B8257A23E8002C69B5 /* Frameworks */,
				6158D4B9257A23E8002C69B5 /* Resources */,
				D12B5BDE84C439A7C3B89E30 /* [CP] Embed Pods Frameworks */,
			);
			buildRules = (
			);
			dependencies = (
			);
			name = RxSwiftTestProject;
			productName = RxSwiftTestProject;
			productReference = 6158D4BB257A23E8002C69B5 /* RxSwiftTestProject.app */;
			productType = "com.apple.product-type.application";
		};
		6158D4D0257A23EA002C69B5 /* RxSwiftTestProjectTests */ = {
			isa = PBXNativeTarget;
			buildConfigurationList = 6158D4E8257A23EA002C69B5 /* Build configuration list for PBXNativeTarget "RxSwiftTestProjectTests" */;
			buildPhases = (
				6158D4CD257A23EA002C69B5 /* Sources */,
				6158D4CE257A23EA002C69B5 /* Frameworks */,
				6158D4CF257A23EA002C69B5 /* Resources */,
			);
			buildRules = (
			);
			dependencies = (
				6158D4D3257A23EA002C69B5 /* PBXTargetDependency */,
			);
			name = RxSwiftTestProjectTests;
			productName = RxSwiftTestProjectTests;
			productReference = 6158D4D1257A23EA002C69B5 /* RxSwiftTestProjectTests.xctest */;
			productType = "com.apple.product-type.bundle.unit-test";
		};
		6158D4DB257A23EA002C69B5 /* RxSwiftTestProjectUITests */ = {
			isa = PBXNativeTarget;
			buildConfigurationList = 6158D4EB257A23EA002C69B5 /* Build configuration list for PBXNativeTarget "RxSwiftTestProjectUITests" */;
			buildPhases = (
				6158D4D8257A23EA002C69B5 /* Sources */,
				6158D4D9257A23EA002C69B5 /* Frameworks */,
				6158D4DA257A23EA002C69B5 /* Resources */,
			);
			buildRules = (
			);
			dependencies = (
				6158D4DE257A23EA002C69B5 /* PBXTargetDependency */,
			);
			name = RxSwiftTestProjectUITests;
			productName = RxSwiftTestProjectUITests;
			productReference = 6158D4DC257A23EA002C69B5 /* RxSwiftTestProjectUITests.xctest */;
			productType = "com.apple.product-type.bundle.ui-testing";
		};
/* End PBXNativeTarget section */

/* Begin PBXProject section */
		6158D4B3257A23E8002C69B5 /* Project object */ = {
			isa = PBXProject;
			attributes = {
				LastSwiftUpdateCheck = 1220;
				LastUpgradeCheck = 1220;
				TargetAttributes = {
					6158D4BA257A23E8002C69B5 = {
						CreatedOnToolsVersion = 12.2;
					};
					6158D4D0257A23EA002C69B5 = {
						CreatedOnToolsVersion = 12.2;
						TestTargetID = 6158D4BA257A23E8002C69B5;
					};
					6158D4DB257A23EA002C69B5 = {
						CreatedOnToolsVersion = 12.2;
						TestTargetID = 6158D4BA257A23E8002C69B5;
					};
				};
			};
			buildConfigurationList = 6158D4B6257A23E8002C69B5 /* Build configuration list for PBXProject "RxSwiftTestProject" */;
			compatibilityVersion = "Xcode 9.3";
			developmentRegion = en;
			hasScannedForEncodings = 0;
			knownRegions = (
				en,
				Base,
			);
			mainGroup = 6158D4B2257A23E8002C69B5;
			productRefGroup = 6158D4BC257A23E8002C69B5 /* Products */;
			projectDirPath = "";
			projectRoot = "";
			targets = (
				6158D4BA257A23E8002C69B5 /* RxSwiftTestProject */,
				6158D4D0257A23EA002C69B5 /* RxSwiftTestProjectTests */,
				6158D4DB257A23EA002C69B5 /* RxSwiftTestProjectUITests */,
			);
		};
/* End PBXProject section */

/* Begin PBXResourcesBuildPhase section */
		6158D4B9257A23E8002C69B5 /* Resources */ = {
			isa = PBXResourcesBuildPhase;
			buildActionMask = 2147483647;
			files = (
				6158D539257A4D4A002C69B5 /* PostPreviewTableViewCell.xib in Resources */,
				6158D4CB257A23EA002C69B5 /* LaunchScreen.storyboard in Resources */,
				6158D4C8257A23EA002C69B5 /* Assets.xcassets in Resources */,
				6158D4C6257A23E8002C69B5 /* Main.storyboard in Resources */,
				6151A93E257BA81800257FD9 /* CommentTableViewCell.xib in Resources */,
			);
			runOnlyForDeploymentPostprocessing = 0;
		};
		6158D4CF257A23EA002C69B5 /* Resources */ = {
			isa = PBXResourcesBuildPhase;
			buildActionMask = 2147483647;
			files = (
			);
			runOnlyForDeploymentPostprocessing = 0;
		};
		6158D4DA257A23EA002C69B5 /* Resources */ = {
			isa = PBXResourcesBuildPhase;
			buildActionMask = 2147483647;
			files = (
			);
			runOnlyForDeploymentPostprocessing = 0;
		};
/* End PBXResourcesBuildPhase section */

/* Begin PBXShellScriptBuildPhase section */
		42CA2FEDDE7EA6EF8ABA8EBC /* [CP] Check Pods Manifest.lock */ = {
			isa = PBXShellScriptBuildPhase;
			buildActionMask = 2147483647;
			files = (
			);
			inputFileListPaths = (
			);
			inputPaths = (
				"${PODS_PODFILE_DIR_PATH}/Podfile.lock",
				"${PODS_ROOT}/Manifest.lock",
			);
			name = "[CP] Check Pods Manifest.lock";
			outputFileListPaths = (
			);
			outputPaths = (
				"$(DERIVED_FILE_DIR)/Pods-RxSwiftTestProject-checkManifestLockResult.txt",
			);
			runOnlyForDeploymentPostprocessing = 0;
			shellPath = /bin/sh;
			shellScript = "diff \"${PODS_PODFILE_DIR_PATH}/Podfile.lock\" \"${PODS_ROOT}/Manifest.lock\" > /dev/null\nif [ $? != 0 ] ; then\n    # print error to STDERR\n    echo \"error: The sandbox is not in sync with the Podfile.lock. Run 'pod install' or update your CocoaPods installation.\" >&2\n    exit 1\nfi\n# This output is used by Xcode 'outputs' to avoid re-running this script phase.\necho \"SUCCESS\" > \"${SCRIPT_OUTPUT_FILE_0}\"\n";
			showEnvVarsInLog = 0;
		};
		D12B5BDE84C439A7C3B89E30 /* [CP] Embed Pods Frameworks */ = {
			isa = PBXShellScriptBuildPhase;
			buildActionMask = 2147483647;
			files = (
			);
			inputFileListPaths = (
				"${PODS_ROOT}/Target Support Files/Pods-RxSwiftTestProject/Pods-RxSwiftTestProject-frameworks-${CONFIGURATION}-input-files.xcfilelist",
			);
			name = "[CP] Embed Pods Frameworks";
			outputFileListPaths = (
				"${PODS_ROOT}/Target Support Files/Pods-RxSwiftTestProject/Pods-RxSwiftTestProject-frameworks-${CONFIGURATION}-output-files.xcfilelist",
			);
			runOnlyForDeploymentPostprocessing = 0;
			shellPath = /bin/sh;
			shellScript = "\"${PODS_ROOT}/Target Support Files/Pods-RxSwiftTestProject/Pods-RxSwiftTestProject-frameworks.sh\"\n";
			showEnvVarsInLog = 0;
		};
/* End PBXShellScriptBuildPhase section */

/* Begin PBXSourcesBuildPhase section */
		6158D4B7257A23E8002C69B5 /* Sources */ = {
			isa = PBXSourcesBuildPhase;
			buildActionMask = 2147483647;
			files = (
				6158D502257A264D002C69B5 /* Autolodable.swift in Sources */,
				6158D508257A271F002C69B5 /* ListOfPostsViewController.swift in Sources */,
				6151A912257B8FB900257FD9 /* DataProvider.swift in Sources */,
				6151A928257BA0A100257FD9 /* PostFullInfo.swift in Sources */,
				6151A918257B93AE00257FD9 /* PostViewController.swift in Sources */,
				6158D4F4257A258A002C69B5 /* RootCoordinator.swift in Sources */,
				6158D4C3257A23E8002C69B5 /* ViewController.swift in Sources */,
				6151A92E257BA77200257FD9 /* CommentTableViewCell.swift in Sources */,
				6151A923257B9FB500257FD9 /* PostViewModel.swift in Sources */,
				6158D50D257A2A84002C69B5 /* ListOfPostsViewModel.swift in Sources */,
				6158D4FC257A25EB002C69B5 /* Coordinator.swift in Sources */,
				6158D516257A2E36002C69B5 /* Post.swift in Sources */,
				6158D4BF257A23E8002C69B5 /* AppDelegate.swift in Sources */,
				6158D52A257A32C8002C69B5 /* Comment.swift in Sources */,
				6158D51B257A3015002C69B5 /* User.swift in Sources */,
				6158D530257A37D2002C69B5 /* DataLoader.swift in Sources */,
				6158D520257A30A9002C69B5 /* Address.swift in Sources */,
				6158D53F257A5254002C69B5 /* PostPreviewTableViewCell.swift in Sources */,
				6158D4C1257A23E8002C69B5 /* SceneDelegate.swift in Sources */,
				6158D525257A3202002C69B5 /* Company.swift in Sources */,
			);
			runOnlyForDeploymentPostprocessing = 0;
		};
		6158D4CD257A23EA002C69B5 /* Sources */ = {
			isa = PBXSourcesBuildPhase;
			buildActionMask = 2147483647;
			files = (
				6158D4D6257A23EA002C69B5 /* RxSwiftTestProjectTests.swift in Sources */,
			);
			runOnlyForDeploymentPostprocessing = 0;
		};
		6158D4D8257A23EA002C69B5 /* Sources */ = {
			isa = PBXSourcesBuildPhase;
			buildActionMask = 2147483647;
			files = (
				6158D4E1257A23EA002C69B5 /* RxSwiftTestProjectUITests.swift in Sources */,
			);
			runOnlyForDeploymentPostprocessing = 0;
		};
/* End PBXSourcesBuildPhase section */

/* Begin PBXTargetDependency section */
		6158D4D3257A23EA002C69B5 /* PBXTargetDependency */ = {
			isa = PBXTargetDependency;
			target = 6158D4BA257A23E8002C69B5 /* RxSwiftTestProject */;
			targetProxy = 6158D4D2257A23EA002C69B5 /* PBXContainerItemProxy */;
		};
		6158D4DE257A23EA002C69B5 /* PBXTargetDependency */ = {
			isa = PBXTargetDependency;
			target = 6158D4BA257A23E8002C69B5 /* RxSwiftTestProject */;
			targetProxy = 6158D4DD257A23EA002C69B5 /* PBXContainerItemProxy */;
		};
/* End PBXTargetDependency section */

/* Begin PBXVariantGroup section */
		6158D4C4257A23E8002C69B5 /* Main.storyboard */ = {
			isa = PBXVariantGroup;
			children = (
				6158D4C5257A23E8002C69B5 /* Base */,
			);
			name = Main.storyboard;
			sourceTree = "<group>";
		};
		6158D4C9257A23EA002C69B5 /* LaunchScreen.storyboard */ = {
			isa = PBXVariantGroup;
			children = (
				6158D4CA257A23EA002C69B5 /* Base */,
			);
			name = LaunchScreen.storyboard;
			sourceTree = "<group>";
		};
/* End PBXVariantGroup section */

/* Begin XCBuildConfiguration section */
		6158D4E3257A23EA002C69B5 /* Debug */ = {
			isa = XCBuildConfiguration;
			buildSettings = {
				ALWAYS_SEARCH_USER_PATHS = NO;
				CLANG_ANALYZER_NONNULL = YES;
				CLANG_ANALYZER_NUMBER_OBJECT_CONVERSION = YES_AGGRESSIVE;
				CLANG_CXX_LANGUAGE_STANDARD = "gnu++14";
				CLANG_CXX_LIBRARY = "libc++";
				CLANG_ENABLE_MODULES = YES;
				CLANG_ENABLE_OBJC_ARC = YES;
				CLANG_ENABLE_OBJC_WEAK = YES;
				CLANG_WARN_BLOCK_CAPTURE_AUTORELEASING = YES;
				CLANG_WARN_BOOL_CONVERSION = YES;
				CLANG_WARN_COMMA = YES;
				CLANG_WARN_CONSTANT_CONVERSION = YES;
				CLANG_WARN_DEPRECATED_OBJC_IMPLEMENTATIONS = YES;
				CLANG_WARN_DIRECT_OBJC_ISA_USAGE = YES_ERROR;
				CLANG_WARN_DOCUMENTATION_COMMENTS = YES;
				CLANG_WARN_EMPTY_BODY = YES;
				CLANG_WARN_ENUM_CONVERSION = YES;
				CLANG_WARN_INFINITE_RECURSION = YES;
				CLANG_WARN_INT_CONVERSION = YES;
				CLANG_WARN_NON_LITERAL_NULL_CONVERSION = YES;
				CLANG_WARN_OBJC_IMPLICIT_RETAIN_SELF = YES;
				CLANG_WARN_OBJC_LITERAL_CONVERSION = YES;
				CLANG_WARN_OBJC_ROOT_CLASS = YES_ERROR;
				CLANG_WARN_QUOTED_INCLUDE_IN_FRAMEWORK_HEADER = YES;
				CLANG_WARN_RANGE_LOOP_ANALYSIS = YES;
				CLANG_WARN_STRICT_PROTOTYPES = YES;
				CLANG_WARN_SUSPICIOUS_MOVE = YES;
				CLANG_WARN_UNGUARDED_AVAILABILITY = YES_AGGRESSIVE;
				CLANG_WARN_UNREACHABLE_CODE = YES;
				CLANG_WARN__DUPLICATE_METHOD_MATCH = YES;
				COPY_PHASE_STRIP = NO;
				DEBUG_INFORMATION_FORMAT = dwarf;
				ENABLE_STRICT_OBJC_MSGSEND = YES;
				ENABLE_TESTABILITY = YES;
				GCC_C_LANGUAGE_STANDARD = gnu11;
				GCC_DYNAMIC_NO_PIC = NO;
				GCC_NO_COMMON_BLOCKS = YES;
				GCC_OPTIMIZATION_LEVEL = 0;
				GCC_PREPROCESSOR_DEFINITIONS = (
					"DEBUG=1",
					"$(inherited)",
				);
				GCC_WARN_64_TO_32_BIT_CONVERSION = YES;
				GCC_WARN_ABOUT_RETURN_TYPE = YES_ERROR;
				GCC_WARN_UNDECLARED_SELECTOR = YES;
				GCC_WARN_UNINITIALIZED_AUTOS = YES_AGGRESSIVE;
				GCC_WARN_UNUSED_FUNCTION = YES;
				GCC_WARN_UNUSED_VARIABLE = YES;
				IPHONEOS_DEPLOYMENT_TARGET = 14.2;
				MTL_ENABLE_DEBUG_INFO = INCLUDE_SOURCE;
				MTL_FAST_MATH = YES;
				ONLY_ACTIVE_ARCH = YES;
				SDKROOT = iphoneos;
				SWIFT_ACTIVE_COMPILATION_CONDITIONS = DEBUG;
				SWIFT_OPTIMIZATION_LEVEL = "-Onone";
			};
			name = Debug;
		};
		6158D4E4257A23EA002C69B5 /* Release */ = {
			isa = XCBuildConfiguration;
			buildSettings = {
				ALWAYS_SEARCH_USER_PATHS = NO;
				CLANG_ANALYZER_NONNULL = YES;
				CLANG_ANALYZER_NUMBER_OBJECT_CONVERSION = YES_AGGRESSIVE;
				CLANG_CXX_LANGUAGE_STANDARD = "gnu++14";
				CLANG_CXX_LIBRARY = "libc++";
				CLANG_ENABLE_MODULES = YES;
				CLANG_ENABLE_OBJC_ARC = YES;
				CLANG_ENABLE_OBJC_WEAK = YES;
				CLANG_WARN_BLOCK_CAPTURE_AUTORELEASING = YES;
				CLANG_WARN_BOOL_CONVERSION = YES;
				CLANG_WARN_COMMA = YES;
				CLANG_WARN_CONSTANT_CONVERSION = YES;
				CLANG_WARN_DEPRECATED_OBJC_IMPLEMENTATIONS = YES;
				CLANG_WARN_DIRECT_OBJC_ISA_USAGE = YES_ERROR;
				CLANG_WARN_DOCUMENTATION_COMMENTS = YES;
				CLANG_WARN_EMPTY_BODY = YES;
				CLANG_WARN_ENUM_CONVERSION = YES;
				CLANG_WARN_INFINITE_RECURSION = YES;
				CLANG_WARN_INT_CONVERSION = YES;
				CLANG_WARN_NON_LITERAL_NULL_CONVERSION = YES;
				CLANG_WARN_OBJC_IMPLICIT_RETAIN_SELF = YES;
				CLANG_WARN_OBJC_LITERAL_CONVERSION = YES;
				CLANG_WARN_OBJC_ROOT_CLASS = YES_ERROR;
				CLANG_WARN_QUOTED_INCLUDE_IN_FRAMEWORK_HEADER = YES;
				CLANG_WARN_RANGE_LOOP_ANALYSIS = YES;
				CLANG_WARN_STRICT_PROTOTYPES = YES;
				CLANG_WARN_SUSPICIOUS_MOVE = YES;
				CLANG_WARN_UNGUARDED_AVAILABILITY = YES_AGGRESSIVE;
				CLANG_WARN_UNREACHABLE_CODE = YES;
				CLANG_WARN__DUPLICATE_METHOD_MATCH = YES;
				COPY_PHASE_STRIP = NO;
				DEBUG_INFORMATION_FORMAT = "dwarf-with-dsym";
				ENABLE_NS_ASSERTIONS = NO;
				ENABLE_STRICT_OBJC_MSGSEND = YES;
				GCC_C_LANGUAGE_STANDARD = gnu11;
				GCC_NO_COMMON_BLOCKS = YES;
				GCC_WARN_64_TO_32_BIT_CONVERSION = YES;
				GCC_WARN_ABOUT_RETURN_TYPE = YES_ERROR;
				GCC_WARN_UNDECLARED_SELECTOR = YES;
				GCC_WARN_UNINITIALIZED_AUTOS = YES_AGGRESSIVE;
				GCC_WARN_UNUSED_FUNCTION = YES;
				GCC_WARN_UNUSED_VARIABLE = YES;
				IPHONEOS_DEPLOYMENT_TARGET = 14.2;
				MTL_ENABLE_DEBUG_INFO = NO;
				MTL_FAST_MATH = YES;
				SDKROOT = iphoneos;
				SWIFT_COMPILATION_MODE = wholemodule;
				SWIFT_OPTIMIZATION_LEVEL = "-O";
				VALIDATE_PRODUCT = YES;
			};
			name = Release;
		};
		6158D4E6257A23EA002C69B5 /* Debug */ = {
			isa = XCBuildConfiguration;
			baseConfigurationReference = DD3675C7340F6E40F446EEC7 /* Pods-RxSwiftTestProject.debug.xcconfig */;
			buildSettings = {
				ASSETCATALOG_COMPILER_APPICON_NAME = AppIcon;
				ASSETCATALOG_COMPILER_GLOBAL_ACCENT_COLOR_NAME = AccentColor;
				CODE_SIGN_STYLE = Automatic;
				INFOPLIST_FILE = RxSwiftTestProject/Info.plist;
				LD_RUNPATH_SEARCH_PATHS = (
					"$(inherited)",
					"@executable_path/Frameworks",
				);
				PRODUCT_BUNDLE_IDENTIFIER = learning.RxSwiftTestProject;
				PRODUCT_NAME = "$(TARGET_NAME)";
				SWIFT_VERSION = 5.0;
				TARGETED_DEVICE_FAMILY = "1,2";
			};
			name = Debug;
		};
		6158D4E7257A23EA002C69B5 /* Release */ = {
			isa = XCBuildConfiguration;
			baseConfigurationReference = 1487AA236786537997617059 /* Pods-RxSwiftTestProject.release.xcconfig */;
			buildSettings = {
				ASSETCATALOG_COMPILER_APPICON_NAME = AppIcon;
				ASSETCATALOG_COMPILER_GLOBAL_ACCENT_COLOR_NAME = AccentColor;
				CODE_SIGN_STYLE = Automatic;
				INFOPLIST_FILE = RxSwiftTestProject/Info.plist;
				LD_RUNPATH_SEARCH_PATHS = (
					"$(inherited)",
					"@executable_path/Frameworks",
				);
				PRODUCT_BUNDLE_IDENTIFIER = learning.RxSwiftTestProject;
				PRODUCT_NAME = "$(TARGET_NAME)";
				SWIFT_VERSION = 5.0;
				TARGETED_DEVICE_FAMILY = "1,2";
			};
			name = Release;
		};
		6158D4E9257A23EA002C69B5 /* Debug */ = {
			isa = XCBuildConfiguration;
			buildSettings = {
				ALWAYS_EMBED_SWIFT_STANDARD_LIBRARIES = YES;
				BUNDLE_LOADER = "$(TEST_HOST)";
				CODE_SIGN_STYLE = Automatic;
				INFOPLIST_FILE = RxSwiftTestProjectTests/Info.plist;
				IPHONEOS_DEPLOYMENT_TARGET = 14.2;
				LD_RUNPATH_SEARCH_PATHS = (
					"$(inherited)",
					"@executable_path/Frameworks",
					"@loader_path/Frameworks",
				);
				PRODUCT_BUNDLE_IDENTIFIER = learning.RxSwiftTestProjectTests;
				PRODUCT_NAME = "$(TARGET_NAME)";
				SWIFT_VERSION = 5.0;
				TARGETED_DEVICE_FAMILY = "1,2";
				TEST_HOST = "$(BUILT_PRODUCTS_DIR)/RxSwiftTestProject.app/RxSwiftTestProject";
			};
			name = Debug;
		};
		6158D4EA257A23EA002C69B5 /* Release */ = {
			isa = XCBuildConfiguration;
			buildSettings = {
				ALWAYS_EMBED_SWIFT_STANDARD_LIBRARIES = YES;
				BUNDLE_LOADER = "$(TEST_HOST)";
				CODE_SIGN_STYLE = Automatic;
				INFOPLIST_FILE = RxSwiftTestProjectTests/Info.plist;
				IPHONEOS_DEPLOYMENT_TARGET = 14.2;
				LD_RUNPATH_SEARCH_PATHS = (
					"$(inherited)",
					"@executable_path/Frameworks",
					"@loader_path/Frameworks",
				);
				PRODUCT_BUNDLE_IDENTIFIER = learning.RxSwiftTestProjectTests;
				PRODUCT_NAME = "$(TARGET_NAME)";
				SWIFT_VERSION = 5.0;
				TARGETED_DEVICE_FAMILY = "1,2";
				TEST_HOST = "$(BUILT_PRODUCTS_DIR)/RxSwiftTestProject.app/RxSwiftTestProject";
			};
			name = Release;
		};
		6158D4EC257A23EA002C69B5 /* Debug */ = {
			isa = XCBuildConfiguration;
			buildSettings = {
				ALWAYS_EMBED_SWIFT_STANDARD_LIBRARIES = YES;
				CODE_SIGN_STYLE = Automatic;
				INFOPLIST_FILE = RxSwiftTestProjectUITests/Info.plist;
				LD_RUNPATH_SEARCH_PATHS = (
					"$(inherited)",
					"@executable_path/Frameworks",
					"@loader_path/Frameworks",
				);
				PRODUCT_BUNDLE_IDENTIFIER = learning.RxSwiftTestProjectUITests;
				PRODUCT_NAME = "$(TARGET_NAME)";
				SWIFT_VERSION = 5.0;
				TARGETED_DEVICE_FAMILY = "1,2";
				TEST_TARGET_NAME = RxSwiftTestProject;
			};
			name = Debug;
		};
		6158D4ED257A23EA002C69B5 /* Release */ = {
			isa = XCBuildConfiguration;
			buildSettings = {
				ALWAYS_EMBED_SWIFT_STANDARD_LIBRARIES = YES;
				CODE_SIGN_STYLE = Automatic;
				INFOPLIST_FILE = RxSwiftTestProjectUITests/Info.plist;
				LD_RUNPATH_SEARCH_PATHS = (
					"$(inherited)",
					"@executable_path/Frameworks",
					"@loader_path/Frameworks",
				);
				PRODUCT_BUNDLE_IDENTIFIER = learning.RxSwiftTestProjectUITests;
				PRODUCT_NAME = "$(TARGET_NAME)";
				SWIFT_VERSION = 5.0;
				TARGETED_DEVICE_FAMILY = "1,2";
				TEST_TARGET_NAME = RxSwiftTestProject;
			};
			name = Release;
		};
/* End XCBuildConfiguration section */

/* Begin XCConfigurationList section */
		6158D4B6257A23E8002C69B5 /* Build configuration list for PBXProject "RxSwiftTestProject" */ = {
			isa = XCConfigurationList;
			buildConfigurations = (
				6158D4E3257A23EA002C69B5 /* Debug */,
				6158D4E4257A23EA002C69B5 /* Release */,
			);
			defaultConfigurationIsVisible = 0;
			defaultConfigurationName = Release;
		};
		6158D4E5257A23EA002C69B5 /* Build configuration list for PBXNativeTarget "RxSwiftTestProject" */ = {
			isa = XCConfigurationList;
			buildConfigurations = (
				6158D4E6257A23EA002C69B5 /* Debug */,
				6158D4E7257A23EA002C69B5 /* Release */,
			);
			defaultConfigurationIsVisible = 0;
			defaultConfigurationName = Release;
		};
		6158D4E8257A23EA002C69B5 /* Build configuration list for PBXNativeTarget "RxSwiftTestProjectTests" */ = {
			isa = XCConfigurationList;
			buildConfigurations = (
				6158D4E9257A23EA002C69B5 /* Debug */,
				6158D4EA257A23EA002C69B5 /* Release */,
			);
			defaultConfigurationIsVisible = 0;
			defaultConfigurationName = Release;
		};
		6158D4EB257A23EA002C69B5 /* Build configuration list for PBXNativeTarget "RxSwiftTestProjectUITests" */ = {
			isa = XCConfigurationList;
			buildConfigurations = (
				6158D4EC257A23EA002C69B5 /* Debug */,
				6158D4ED257A23EA002C69B5 /* Release */,
			);
			defaultConfigurationIsVisible = 0;
			defaultConfigurationName = Release;
		};
/* End XCConfigurationList section */
	};
	rootObject = 6158D4B3257A23E8002C69B5 /* Project object */;
}
